{
  "nodes": {
    "brew-src": {
      "flake": false,
      "locked": {
        "lastModified": 1784558651,
        "narHash": "sha256-woXJ1ATKpSYRWCy46TQJjmm9XzAeZVEZw9xDfVG9NYI=",
        "owner": "Homebrew",
        "repo": "brew",
        "rev": "b48c7994b5f0eed7bef532efa63cb4e4f763887a",
        "type": "github"
      },
      "original": {
        "owner": "Homebrew",
        "ref": "6.0.12",
        "repo": "brew",
        "type": "github"
      }
    },
    "flake-compat": {
      "flake": false,
      "locked": {
        "lastModified": 1767039857,
        "narHash": "sha256-vNpUSpF5Nuw8xvDLj2KCwwksIbjua2LZCqhV1LNRDns=",
        "owner": "edolstra",
        "repo": "flake-compat",
        "rev": "5edf11c44bc78a0d334f6334cdaf7d60d732daab",
        "type": "github"
      },
      "original": {
        "owner": "edolstra",
        "repo": "flake-compat",
        "type": "github"
      }
    },
    "flake-parts": {
      "inputs": {
        "nixpkgs-lib": "nixpkgs-lib"
      },
      "locked": {
        "lastModified": 1772408722,
        "narHash": "sha256-rHuJtdcOjK7rAHpHphUb1iCvgkU3GpfvicLMwwnfMT0=",
        "owner": "hercules-ci",
        "repo": "flake-parts",
        "rev": "f20dc5d9b8027381c474144ecabc9034d6a839a3",
        "type": "github"
      },
      "original": {
        "owner": "hercules-ci",
        "repo": "flake-parts",
        "type": "github"
      }
    },
    "home-manager": {
      "inputs": {
        "nixpkgs": [
          "nixpkgs"
        ]
      },
      "locked": {
        "lastModified": 1784913159,
        "narHash": "sha256-JWq0BfjO4ktpH5USfQNQzdvHpIDT8fSKD5K7LvdMRFs=",
        "owner": "nix-community",
        "repo": "home-manager",
        "rev": "079a3b5d1aa6a719920a51316253b7d6dd22738d",
        "type": "github"
      },
      "original": {
        "owner": "nix-community",
        "ref": "master",
        "repo": "home-manager",
        "type": "github"
      }
    },
    "homebrew-cask": {
      "flake": false,
      "locked": {
        "lastModified": 1785110925,
        "narHash": "sha256-x3Yz8792tgujugJvPAQlqwteZT1OhX7edUfwgSQhqfM=",
        "owner": "homebrew",
        "repo": "homebrew-cask",
        "rev": "5d9cb9c1ba47167cc6f7521ac600fc192f3e5b04",
        "type": "github"
      },
      "original": {
        "owner": "homebrew",
        "repo": "homebrew-cask",
        "type": "github"
      }
    },
    "homebrew-core": {
      "flake": false,
      "locked": {
        "lastModified": 1785105564,
        "narHash": "sha256-YMugchrhJt+AaKSXdOfdGbMFcnwrP0QWkqbziDq0TBI=",
        "owner": "homebrew",
        "repo": "homebrew-core",
        "rev": "7f202b5f5a35e14c644e3198a00e92f5944d025a",
        "type": "github"
      },
      "original": {
        "owner": "homebrew",
        "repo": "homebrew-core",
        "type": "github"
      }
    },
    "homebrew-freetonik-tap": {
      "flake": false,
      "locked": {
        "lastModified": 1780051373,
        "narHash": "sha256-z3ybNb854OQzy8jQDFkljMbgs/U0shN0UAFSy1geWe8=",
        "owner": "freetonik",
        "repo": "homebrew-tap",
        "rev": "6691c3ddf79f855c88ade539c3b94cbf51b0b706",
        "type": "github"
      },
      "original": {
        "owner": "freetonik",
        "repo": "homebrew-tap",
        "type": "github"
      }
    },
    "homebrew-gimlet-capacitor": {
      "flake": false,
      "locked": {
        "lastModified": 1767624663,
        "narHash": "sha256-Lywe7oBY7ewrfHiihq+rT3gN9xTi4LjlN6JSiiuoVGc=",
        "owner": "gimlet-io",
        "repo": "homebrew-capacitor",
        "rev": "ae7eab1048bb1400e83b9b7f533dcd45f2fffbef",
        "type": "github"
      },
      "original": {
        "owner": "gimlet-io",
        "repo": "homebrew-capacitor",
        "type": "github"
      }
    },
    "homebrew-jundot-omlx": {
      "flake": false,
      "locked": {
        "lastModified": 1785085670,
        "narHash": "sha256-RSTxp8nWvrccZ0udOFei+LfGLyjrAYCi3tAEZXPzYcY=",
        "owner": "jundot",
        "repo": "omlx",
        "rev": "9acccab96df2c8c2e364d400854c568a763acdba",
        "type": "github"
      },
      "original": {
        "owner": "jundot",
        "repo": "omlx",
        "type": "github"
      }
    },
    "homebrew-multica-tap": {
      "flake": false,
      "locked": {
        "lastModified": 1784923478,
        "narHash": "sha256-CHkTb8AepZhQkW6NPTfzhLTsn3YZlcpPW5qbBFt2fm0=",
        "owner": "multica-ai",
        "repo": "homebrew-tap",
        "rev": "262a7aecd90fcda7d81b6efa3778f855bbac3ee3",
        "type": "github"
      },
      "original": {
        "owner": "multica-ai",
        "repo": "homebrew-tap",
        "type": "github"
      }
    },
    "homebrew-surrealdb-tap": {
      "flake": false,
      "locked": {
        "lastModified": 1784655696,
        "narHash": "sha256-MNvJG6S47TCo+61Zv59ecGJ/11AgSzNfuBjh31RmdwM=",
        "owner": "surrealdb",
        "repo": "homebrew-tap",
        "rev": "4765f500758f486deeeb52f179e47f1a75336c53",
        "type": "github"
      },
      "original": {
        "owner": "surrealdb",
        "repo": "homebrew-tap",
        "type": "github"
      }
    },
    "homebrew-theykk-tap": {
      "flake": false,
      "locked": {
        "lastModified": 1748859585,
        "narHash": "sha256-02ZANVY402bURgER6leHmJRgrnTr5YdyRIfeJoOVClw=",
        "owner": "TheYkk",
        "repo": "homebrew-tap",
        "rev": "318c338aa7ec6602c889e98e2c46acf3607f639b",
        "type": "github"
      },
      "original": {
        "owner": "TheYkk",
        "repo": "homebrew-tap",
        "type": "github"
      }
    },
    "homebrew-us-tap": {
      "flake": false,
      "locked": {
        "lastModified": 1783366256,
        "narHash": "sha256-vIf/29kbRlHZ4QHlbQdI1U4daQagX5R4axRn90X9hfo=",
        "owner": "us",
        "repo": "homebrew-tap",
        "rev": "d126ba7c758a75b3524e8fbab661671d3eb9ce63",
        "type": "github"
      },
      "original": {
        "owner": "us",
        "repo": "homebrew-tap",
        "type": "github"
      }
    },
    "homebrew-veracode-tap": {
      "flake": false,
      "locked": {
        "lastModified": 1784205066,
        "narHash": "sha256-vM/O5Jz71v8iQL1BNboc40ORkWzB7Ct+3QhG5CAAJMY=",
        "owner": "veracode",
        "repo": "homebrew-tap",
        "rev": "26d31631f3722214820b8c8b058e072a2cdab7ba",
        "type": "github"
      },
      "original": {
        "owner": "veracode",
        "repo": "homebrew-tap",
        "type": "github"
      }
    },
    "homebrew-wouterdebie-tap": {
      "flake": false,
      "locked": {
        "lastModified": 1784664987,
        "narHash": "sha256-a3dwBtk+ndB2t33K+lpguvP6CbNXI87SFb/c3rt6I0A=",
        "owner": "wouterdebie",
        "repo": "homebrew-tap",
        "rev": "4c01a13b9339ab3654f8f2dff6920e9c7c88e220",
        "type": "github"
      },
      "original": {
        "owner": "wouterdebie",
        "repo": "homebrew-tap",
        "type": "github"
      }
    },
    "nix-darwin": {
      "inputs": {
        "nixpkgs": [
          "nixpkgs"
        ]
      },
      "locked": {
        "lastModified": 1784500460,
        "narHash": "sha256-UvORnAxTRHax7RG74W8Z2t4GvIkX6AjJ5kk0QlwZomo=",
        "owner": "LnL7",
        "repo": "nix-darwin",
        "rev": "57a3171f94705599a2499248ca5758d5eb47c0e0",
        "type": "github"
      },
      "original": {
        "owner": "LnL7",
        "ref": "master",
        "repo": "nix-darwin",
        "type": "github"
      }
    },
    "nix-homebrew": {
      "inputs": {
        "brew-src": "brew-src"
      },
      "locked": {
        "lastModified": 1784906761,
        "narHash": "sha256-2v0H8+Ert+xbm0oliHblXTPPczuKiibBUBvRax59kxg=",
        "owner": "zhaofengli",
        "repo": "nix-homebrew",
        "rev": "60623ec512406261f553d24033c8a0c53fd0b7f2",
        "type": "github"
      },
      "original": {
        "owner": "zhaofengli",
        "repo": "nix-homebrew",
        "type": "github"
      }
    },
    "nixos-wsl": {
      "inputs": {
        "flake-compat": "flake-compat",
        "nixpkgs": [
          "nixpkgs"
        ]
      },
      "locked": {
        "lastModified": 1784642409,
        "narHash": "sha256-hcbDqFuySAJawljt5r0sKBCJKYnbtGD0T/ZIozH1Dq0=",
        "owner": "nix-community",
        "repo": "NixOS-WSL",
        "rev": "eaeb18da90024448a60eb1ec7132eafa4003404e",
        "type": "github"
      },
      "original": {
        "owner": "nix-community",
        "repo": "NixOS-WSL",
        "type": "github"
      }
    },
    "nixpkgs": {
      "locked": {
        "lastModified": 1785082112,
        "narHash": "sha256-Y7z/nrPajIJyVDd9z53ZPZGm0HU+kej16Pwt2cNYI0A=",
        "owner": "NixOS",
        "repo": "nixpkgs",
        "rev": "e318e6adc497b5e8a5ac433c6c6ed21ecdab9029",
        "type": "github"
      },
      "original": {
        "owner": "NixOS",
        "ref": "nixpkgs-unstable",
        "repo": "nixpkgs",
        "type": "github"
      }
    },
    "nixpkgs-lib": {
      "locked": {
        "lastModified": 1772328832,
        "narHash": "sha256-e+/T/pmEkLP6BHhYjx6GmwP5ivonQQn0bJdH9YrRB+Q=",
        "owner": "nix-community",
        "repo": "nixpkgs.lib",
        "rev": "c185c7a5e5dd8f9add5b2f8ebeff00888b070742",
        "type": "github"
      },
      "original": {
        "owner": "nix-community",
        "repo": "nixpkgs.lib",
        "type": "github"
      }
    },
    "root": {
      "inputs": {
        "home-manager": "home-manager",
        "homebrew-cask": "homebrew-cask",
        "homebrew-core": "homebrew-core",
        "homebrew-freetonik-tap": "homebrew-freetonik-tap",
        "homebrew-gimlet-capacitor": "homebrew-gimlet-capacitor",
        "homebrew-jundot-omlx": "homebrew-jundot-omlx",
        "homebrew-multica-tap": "homebrew-multica-tap",
        "homebrew-surrealdb-tap": "homebrew-surrealdb-tap",
        "homebrew-theykk-tap": "homebrew-theykk-tap",
        "homebrew-us-tap": "homebrew-us-tap",
        "homebrew-veracode-tap": "homebrew-veracode-tap",
        "homebrew-wouterdebie-tap": "homebrew-wouterdebie-tap",
        "nix-darwin": "nix-darwin",
        "nix-homebrew": "nix-homebrew",
        "nixos-wsl": "nixos-wsl",
        "nixpkgs": "nixpkgs",
        "vscode-server": "vscode-server"
      }
    },
    "vscode-server": {
      "inputs": {
        "flake-parts": "flake-parts"
      },
      "locked": {
        "lastModified": 1784312229,
        "narHash": "sha256-2uHCSUw341o3my1R0U0YCfbnMEazylxb58evWsjGL50=",
        "owner": "nix-community",
        "repo": "nixos-vscode-server",
        "rev": "2f984dfbe7e5271b5c413d3e734374cc1306c921",
        "type": "github"
      },
      "original": {
        "owner": "nix-community",
        "repo": "nixos-vscode-server",
        "type": "github"
      }
    }
  },
  "root": "root",
  "version": 7
}
